
Microsoft Visual Studio Solution File, Format Version 12.00
# Visual Studio Version 16
VisualStudioVersion = 16.0.30907.101
MinimumVisualStudioVersion = 10.0.40219.1
Project("{FAE04EC0-301F-11D3-BF4B-00C04F79EFBC}") = "WindowsFormsApp1", "WindowsFormsApp1.csproj", "{D872DB18-C41A-4997-AABA-7717BDA3F2D2}"
EndProject
Global
	GlobalSection(SolutionConfigurationPlatforms) = preSolution
		Debug|Any CPU = Debug|Any CPU
		Release|Any CPU = Release|Any CPU
	EndGlobalSection
	GlobalSection(ProjectConfigurationPlatforms) = postSolution
		{D872DB18-C41A-4997-AABA-7717BDA3F2D2}.Debug|Any CPU.ActiveCfg = Debug|Any CPU
		{D872DB18-C41A-4997-AABA-7717BDA3F2D2}.Debug|Any CPU.Build.0 = Debug|Any CPU
		{D872DB18-C41A-4997-AABA-7717BDA3F2D2}.Release|Any CPU.ActiveCfg = Release|Any CPU
		{D872DB18-C41A-4997-AABA-7717BDA3F2D2}.Release|Any CPU.Build.0 = Release|Any CPU
	EndGlobalSection
	GlobalSection(SolutionProperties) = preSolution
		HideSolutionNode = FALSE
	EndGlobalSection
	GlobalSection(ExtensibilityGlobals) = postSolution
		SolutionGuid = {732A142D-4BD6-4594-9F69-9D99CDA6C6E0}
	EndGlobalSection
EndGlobal
